Microsoft Visual Studio Solution File, Format Version 12.00
# Visual Studio 2012
Project("{FAE04EC0-301F-11D3-BF4B-00C04F79EFBC}") = "Tortellini", "Tortellini.csproj", "{72AC6487-A38D-4353-8D61-3745AB71A24F}"
EndProject
Global
	GlobalSection(SolutionConfigurationPlatforms) = preSolution
	Debug|Any CPU = Debug|Any CPU
	Release|Any CPU = Release|Any CPU
	Tools|Any CPU = Tools|Any CPU
	EndGlobalSection
	GlobalSection(ProjectConfigurationPlatforms) = postSolution
		{72AC6487-A38D-4353-8D61-3745AB71A24F}.Debug|Any CPU.ActiveCfg = Debug|Any CPU
		{72AC6487-A38D-4353-8D61-3745AB71A24F}.Debug|Any CPU.Build.0 = Debug|Any CPU
		{72AC6487-A38D-4353-8D61-3745AB71A24F}.Release|Any CPU.ActiveCfg = Release|Any CPU
		{72AC6487-A38D-4353-8D61-3745AB71A24F}.Release|Any CPU.Build.0 = Release|Any CPU
		{72AC6487-A38D-4353-8D61-3745AB71A24F}.Tools|Any CPU.ActiveCfg = Tools|Any CPU
		{72AC6487-A38D-4353-8D61-3745AB71A24F}.Tools|Any CPU.Build.0 = Tools|Any CPU
	EndGlobalSection
EndGlobal
